// !$*UTF8*$!
{
	archiveVersion = 1;
	classes = {
	};
	objectVersion = 50;
	objects = {

/* Begin PBXBuildFile section */
		6C1B04DC236E5CFF000B9765 /* main.cpp in Sources */ = {isa = PBXBuildFile; fileRef = 6C1B04DB236E5CFF000B9765 /* main.cpp */; };
		6C1B04E8236E7F33000B9765 /* Observer.cpp in Sources */ = {isa = PBXBuildFile; fileRef = 6C1B04E6236E7F33000B9765 /* Observer.cpp */; };
		6C1B04EB236E7F3C000B9765 /* Observable.cpp in Sources */ = {isa = PBXBuildFile; fileRef = 6C1B04E9236E7F3C000B9765 /* Observable.cpp */; };
		6C1B04EE236E95C5000B9765 /* Foo.cpp in Sources */ = {isa = PBXBuildFile; fileRef = 6C1B04EC236E95C5000B9765 /* Foo.cpp */; };
		6C1B04F1236E97E4000B9765 /* Counter.cpp in Sources */ = {isa = PBXBuildFile; fileRef = 6C1B04EF236E97E4000B9765 /* Counter.cpp */; };
		6C1B04F4236ED1C1000B9765 /* StockFactory.cpp in Sources */ = {isa = PBXBuildFile; fileRef = 6C1B04F2236ED1C1000B9765 /* StockFactory.cpp */; };
		6C1B04F7236ED1CB000B9765 /* Stock.cpp in Sources */ = {isa = PBXBuildFile; fileRef = 6C1B04F5236ED1CB000B9765 /* Stock.cpp */; };
		6C1B04FA236ED20C000B9765 /* Traits.cpp in Sources */ = {isa = PBXBuildFile; fileRef = 6C1B04F8236ED20C000B9765 /* Traits.cpp */; };
		6C1B04FD236EDF81000B9765 /* Tree_Sort.cpp in Sources */ = {isa = PBXBuildFile; fileRef = 6C1B04FB236EDF81000B9765 /* Tree_Sort.cpp */; };
		6C1B0501236EF87A000B9765 /* Share_ptr.cpp in Sources */ = {isa = PBXBuildFile; fileRef = 6C1B04FF236EF87A000B9765 /* Share_ptr.cpp */; };
		6C1B0504236F03CE000B9765 /* Boost_array.cpp in Sources */ = {isa = PBXBuildFile; fileRef = 6C1B0502236F03CE000B9765 /* Boost_array.cpp */; };
		6C1B050823706720000B9765 /* Mutex.cpp in Sources */ = {isa = PBXBuildFile; fileRef = 6C1B050623706720000B9765 /* Mutex.cpp */; };
		6C1B050C23706927000B9765 /* Base.cpp in Sources */ = {isa = PBXBuildFile; fileRef = 6C1B050A23706927000B9765 /* Base.cpp */; };
		6C1B050F23718FAB000B9765 /* auto_ptr.cpp in Sources */ = {isa = PBXBuildFile; fileRef = 6C1B050D23718FAB000B9765 /* auto_ptr.cpp */; };
		6C1B051223718FE9000B9765 /* scope_ptr.cpp in Sources */ = {isa = PBXBuildFile; fileRef = 6C1B051023718FE9000B9765 /* scope_ptr.cpp */; };
		6C1B05162371933D000B9765 /* user.cpp in Sources */ = {isa = PBXBuildFile; fileRef = 6C1B05142371933D000B9765 /* user.cpp */; };
/* End PBXBuildFile section */

/* Begin PBXCopyFilesBuildPhase section */
		6C1B04D6236E5CFF000B9765 /* CopyFiles */ = {
			isa = PBXCopyFilesBuildPhase;
			buildActionMask = 2147483647;
			dstPath = /usr/share/man/man1/;
			dstSubfolderSpec = 0;
			files = (
			);
			runOnlyForDeploymentPostprocessing = 1;
		};
/* End PBXCopyFilesBuildPhase section */

/* Begin PBXFileReference section */
		6C1B04D8236E5CFF000B9765 /* POSIX */ = {isa = PBXFileReference; explicitFileType = "compiled.mach-o.executable"; includeInIndex = 0; path = POSIX; sourceTree = BUILT_PRODUCTS_DIR; };
		6C1B04DB236E5CFF000B9765 /* main.cpp */ = {isa = PBXFileReference; lastKnownFileType = sourcecode.cpp.cpp; path = main.cpp; sourceTree = "<group>"; };
		6C1B04E3236E5D0E000B9765 /* error.hpp */ = {isa = PBXFileReference; lastKnownFileType = sourcecode.cpp.h; path = error.hpp; sourceTree = "<group>"; };
		6C1B04E6236E7F33000B9765 /* Observer.cpp */ = {isa = PBXFileReference; lastKnownFileType = sourcecode.cpp.cpp; path = Observer.cpp; sourceTree = "<group>"; };
		6C1B04E7236E7F33000B9765 /* Observer.hpp */ = {isa = PBXFileReference; lastKnownFileType = sourcecode.cpp.h; path = Observer.hpp; sourceTree = "<group>"; };
		6C1B04E9236E7F3C000B9765 /* Observable.cpp */ = {isa = PBXFileReference; lastKnownFileType = sourcecode.cpp.cpp; path = Observable.cpp; sourceTree = "<group>"; };
		6C1B04EA236E7F3C000B9765 /* Observable.hpp */ = {isa = PBXFileReference; lastKnownFileType = sourcecode.cpp.h; path = Observable.hpp; sourceTree = "<group>"; };
		6C1B04EC236E95C5000B9765 /* Foo.cpp */ = {isa = PBXFileReference; lastKnownFileType = sourcecode.cpp.cpp; path = Foo.cpp; sourceTree = "<group>"; };
		6C1B04ED236E95C5000B9765 /* Foo.hpp */ = {isa = PBXFileReference; lastKnownFileType = sourcecode.cpp.h; path = Foo.hpp; sourceTree = "<group>"; };
		6C1B04EF236E97E4000B9765 /* Counter.cpp */ = {isa = PBXFileReference; lastKnownFileType = sourcecode.cpp.cpp; path = Counter.cpp; sourceTree = "<group>"; };
		6C1B04F0236E97E4000B9765 /* Counter.hpp */ = {isa = PBXFileReference; lastKnownFileType = sourcecode.cpp.h; path = Counter.hpp; sourceTree = "<group>"; };
		6C1B04F2236ED1C1000B9765 /* StockFactory.cpp */ = {isa = PBXFileReference; lastKnownFileType = sourcecode.cpp.cpp; path = StockFactory.cpp; sourceTree = "<group>"; };
		6C1B04F3236ED1C1000B9765 /* StockFactory.hpp */ = {isa = PBXFileReference; lastKnownFileType = sourcecode.cpp.h; path = StockFactory.hpp; sourceTree = "<group>"; };
		6C1B04F5236ED1CB000B9765 /* Stock.cpp */ = {isa = PBXFileReference; lastKnownFileType = sourcecode.cpp.cpp; path = Stock.cpp; sourceTree = "<group>"; };
		6C1B04F6236ED1CB000B9765 /* Stock.hpp */ = {isa = PBXFileReference; lastKnownFileType = sourcecode.cpp.h; path = Stock.hpp; sourceTree = "<group>"; };
		6C1B04F8236ED20C000B9765 /* Traits.cpp */ = {isa = PBXFileReference; lastKnownFileType = sourcecode.cpp.cpp; path = Traits.cpp; sourceTree = "<group>"; };
		6C1B04F9236ED20C000B9765 /* Traits.hpp */ = {isa = PBXFileReference; lastKnownFileType = sourcecode.cpp.h; path = Traits.hpp; sourceTree = "<group>"; };
		6C1B04FB236EDF81000B9765 /* Tree_Sort.cpp */ = {isa = PBXFileReference; lastKnownFileType = sourcecode.cpp.cpp; path = Tree_Sort.cpp; sourceTree = "<group>"; };
		6C1B04FC236EDF81000B9765 /* Tree_Sort.hpp */ = {isa = PBXFileReference; lastKnownFileType = sourcecode.cpp.h; path = Tree_Sort.hpp; sourceTree = "<group>"; };
		6C1B04FF236EF87A000B9765 /* Share_ptr.cpp */ = {isa = PBXFileReference; lastKnownFileType = sourcecode.cpp.cpp; path = Share_ptr.cpp; sourceTree = "<group>"; };
		6C1B0500236EF87A000B9765 /* Share_ptr.hpp */ = {isa = PBXFileReference; lastKnownFileType = sourcecode.cpp.h; path = Share_ptr.hpp; sourceTree = "<group>"; };
		6C1B0502236F03CE000B9765 /* Boost_array.cpp */ = {isa = PBXFileReference; lastKnownFileType = sourcecode.cpp.cpp; path = Boost_array.cpp; sourceTree = "<group>"; };
		6C1B0503236F03CE000B9765 /* Boost_array.hpp */ = {isa = PBXFileReference; lastKnownFileType = sourcecode.cpp.h; path = Boost_array.hpp; sourceTree = "<group>"; };
		6C1B050623706720000B9765 /* Mutex.cpp */ = {isa = PBXFileReference; lastKnownFileType = sourcecode.cpp.cpp; path = Mutex.cpp; sourceTree = "<group>"; };
		6C1B050723706720000B9765 /* Mutex.hpp */ = {isa = PBXFileReference; lastKnownFileType = sourcecode.cpp.h; path = Mutex.hpp; sourceTree = "<group>"; };
		6C1B050A23706927000B9765 /* Base.cpp */ = {isa = PBXFileReference; lastKnownFileType = sourcecode.cpp.cpp; path = Base.cpp; sourceTree = "<group>"; };
		6C1B050B23706927000B9765 /* Base.hpp */ = {isa = PBXFileReference; lastKnownFileType = sourcecode.cpp.h; path = Base.hpp; sourceTree = "<group>"; };
		6C1B050D23718FAB000B9765 /* auto_ptr.cpp */ = {isa = PBXFileReference; lastKnownFileType = sourcecode.cpp.cpp; path = auto_ptr.cpp; sourceTree = "<group>"; };
		6C1B050E23718FAB000B9765 /* auto_ptr.hpp */ = {isa = PBXFileReference; lastKnownFileType = sourcecode.cpp.h; path = auto_ptr.hpp; sourceTree = "<group>"; };
		6C1B051023718FE9000B9765 /* scope_ptr.cpp */ = {isa = PBXFileReference; lastKnownFileType = sourcecode.cpp.cpp; path = scope_ptr.cpp; sourceTree = "<group>"; };
		6C1B051123718FE9000B9765 /* scope_ptr.hpp */ = {isa = PBXFileReference; lastKnownFileType = sourcecode.cpp.h; path = scope_ptr.hpp; sourceTree = "<group>"; };
		6C1B05142371933D000B9765 /* user.cpp */ = {isa = PBXFileReference; lastKnownFileType = sourcecode.cpp.cpp; path = user.cpp; sourceTree = "<group>"; };
		6C1B05152371933D000B9765 /* user.hpp */ = {isa = PBXFileReference; lastKnownFileType = sourcecode.cpp.h; path = user.hpp; sourceTree = "<group>"; };
/* End PBXFileReference section */

/* Begin PBXFrameworksBuildPhase section */
		6C1B04D5236E5CFF000B9765 /* Frameworks */ = {
			isa = PBXFrameworksBuildPhase;
			buildActionMask = 2147483647;
			files = (
			);
			runOnlyForDeploymentPostprocessing = 0;
		};
/* End PBXFrameworksBuildPhase section */

/* Begin PBXGroup section */
		6C1B04CF236E5CFE000B9765 = {
			isa = PBXGroup;
			children = (
				6C1B050523706711000B9765 /* Mutex */,
				6C1B04FE236EF86A000B9765 /* Smart */,
				6C1B04E5236E7F25000B9765 /* Boost */,
				6C1B04DA236E5CFF000B9765 /* POSIX */,
				6C1B04D9236E5CFF000B9765 /* Products */,
			);
			sourceTree = "<group>";
		};
		6C1B04D9236E5CFF000B9765 /* Products */ = {
			isa = PBXGroup;
			children = (
				6C1B04D8236E5CFF000B9765 /* POSIX */,
			);
			name = Products;
			sourceTree = "<group>";
		};
		6C1B04DA236E5CFF000B9765 /* POSIX */ = {
			isa = PBXGroup;
			children = (
				6C1B04DB236E5CFF000B9765 /* main.cpp */,
				6C1B04E3236E5D0E000B9765 /* error.hpp */,
				6C1B04FB236EDF81000B9765 /* Tree_Sort.cpp */,
				6C1B04FC236EDF81000B9765 /* Tree_Sort.hpp */,
			);
			path = POSIX;
			sourceTree = "<group>";
		};
		6C1B04E5236E7F25000B9765 /* Boost */ = {
			isa = PBXGroup;
			children = (
				6C1B04E7236E7F33000B9765 /* Observer.hpp */,
				6C1B04E6236E7F33000B9765 /* Observer.cpp */,
				6C1B04EA236E7F3C000B9765 /* Observable.hpp */,
				6C1B04E9236E7F3C000B9765 /* Observable.cpp */,
				6C1B04EC236E95C5000B9765 /* Foo.cpp */,
				6C1B04ED236E95C5000B9765 /* Foo.hpp */,
				6C1B04EF236E97E4000B9765 /* Counter.cpp */,
				6C1B04F0236E97E4000B9765 /* Counter.hpp */,
				6C1B04F2236ED1C1000B9765 /* StockFactory.cpp */,
				6C1B04F3236ED1C1000B9765 /* StockFactory.hpp */,
				6C1B04F5236ED1CB000B9765 /* Stock.cpp */,
				6C1B04F6236ED1CB000B9765 /* Stock.hpp */,
				6C1B050923706915000B9765 /* Core */,
			);
			path = Boost;
			sourceTree = "<group>";
		};
		6C1B04FE236EF86A000B9765 /* Smart */ = {
			isa = PBXGroup;
			children = (
				6C1B051323719331000B9765 /* Data */,
				6C1B04FF236EF87A000B9765 /* Share_ptr.cpp */,
				6C1B0500236EF87A000B9765 /* Share_ptr.hpp */,
				6C1B0502236F03CE000B9765 /* Boost_array.cpp */,
				6C1B0503236F03CE000B9765 /* Boost_array.hpp */,
				6C1B050D23718FAB000B9765 /* auto_ptr.cpp */,
				6C1B050E23718FAB000B9765 /* auto_ptr.hpp */,
				6C1B051023718FE9000B9765 /* scope_ptr.cpp */,
				6C1B051123718FE9000B9765 /* scope_ptr.hpp */,
			);
			path = Smart;
			sourceTree = "<group>";
		};
		6C1B050523706711000B9765 /* Mutex */ = {
			isa = PBXGroup;
			children = (
				6C1B050623706720000B9765 /* Mutex.cpp */,
				6C1B050723706720000B9765 /* Mutex.hpp */,
			);
			path = Mutex;
			sourceTree = "<group>";
		};
		6C1B050923706915000B9765 /* Core */ = {
			isa = PBXGroup;
			children = (
				6C1B04F8236ED20C000B9765 /* Traits.cpp */,
				6C1B04F9236ED20C000B9765 /* Traits.hpp */,
				6C1B050A23706927000B9765 /* Base.cpp */,
				6C1B050B23706927000B9765 /* Base.hpp */,
			);
			path = Core;
			sourceTree = "<group>";
		};
		6C1B051323719331000B9765 /* Data */ = {
			isa = PBXGroup;
			children = (
				6C1B05142371933D000B9765 /* user.cpp */,
				6C1B05152371933D000B9765 /* user.hpp */,
			);
			path = Data;
			sourceTree = "<group>";
		};
/* End PBXGroup section */

/* Begin PBXNativeTarget section */
		6C1B04D7236E5CFF000B9765 /* POSIX */ = {
			isa = PBXNativeTarget;
			buildConfigurationList = 6C1B04DF236E5CFF000B9765 /* Build configuration list for PBXNativeTarget "POSIX" */;
			buildPhases = (
				6C1B04D4236E5CFF000B9765 /* Sources */,
				6C1B04D5236E5CFF000B9765 /* Frameworks */,
				6C1B04D6236E5CFF000B9765 /* CopyFiles */,
			);
			buildRules = (
			);
			dependencies = (
			);
			name = POSIX;
			productName = POSIX;
			productReference = 6C1B04D8236E5CFF000B9765 /* POSIX */;
			productType = "com.apple.product-type.tool";
		};
/* End PBXNativeTarget section */

/* Begin PBXProject section */
		6C1B04D0236E5CFE000B9765 /* Project object */ = {
			isa = PBXProject;
			attributes = {
				LastUpgradeCheck = 1100;
				ORGANIZATIONNAME = S.S.S.S.S.S.S.S;
				TargetAttributes = {
					6C1B04D7236E5CFF000B9765 = {
						CreatedOnToolsVersion = 11.0;
					};
				};
			};
			buildConfigurationList = 6C1B04D3236E5CFE000B9765 /* Build configuration list for PBXProject "POSIX" */;
			compatibilityVersion = "Xcode 9.3";
			developmentRegion = en;
			hasScannedForEncodings = 0;
			knownRegions = (
				en,
				Base,
			);
			mainGroup = 6C1B04CF236E5CFE000B9765;
			productRefGroup = 6C1B04D9236E5CFF000B9765 /* Products */;
			projectDirPath = "";
			projectRoot = "";
			targets = (
				6C1B04D7236E5CFF000B9765 /* POSIX */,
			);
		};
/* End PBXProject section */

/* Begin PBXSourcesBuildPhase section */
		6C1B04D4236E5CFF000B9765 /* Sources */ = {
			isa = PBXSourcesBuildPhase;
			buildActionMask = 2147483647;
			files = (
				6C1B0501236EF87A000B9765 /* Share_ptr.cpp in Sources */,
				6C1B050F23718FAB000B9765 /* auto_ptr.cpp in Sources */,
				6C1B04EE236E95C5000B9765 /* Foo.cpp in Sources */,
				6C1B051223718FE9000B9765 /* scope_ptr.cpp in Sources */,
				6C1B04DC236E5CFF000B9765 /* main.cpp in Sources */,
				6C1B04FD236EDF81000B9765 /* Tree_Sort.cpp in Sources */,
				6C1B04FA236ED20C000B9765 /* Traits.cpp in Sources */,
				6C1B04E8236E7F33000B9765 /* Observer.cpp in Sources */,
				6C1B05162371933D000B9765 /* user.cpp in Sources */,
				6C1B0504236F03CE000B9765 /* Boost_array.cpp in Sources */,
				6C1B050C23706927000B9765 /* Base.cpp in Sources */,
				6C1B04F4236ED1C1000B9765 /* StockFactory.cpp in Sources */,
				6C1B04F7236ED1CB000B9765 /* Stock.cpp in Sources */,
				6C1B050823706720000B9765 /* Mutex.cpp in Sources */,
				6C1B04EB236E7F3C000B9765 /* Observable.cpp in Sources */,
				6C1B04F1236E97E4000B9765 /* Counter.cpp in Sources */,
			);
			runOnlyForDeploymentPostprocessing = 0;
		};
/* End PBXSourcesBuildPhase section */

/* Begin XCBuildConfiguration section */
		6C1B04DD236E5CFF000B9765 /* Debug */ = {
			isa = XCBuildConfiguration;
			buildSettings = {
				ALWAYS_SEARCH_USER_PATHS = NO;
				CLANG_ANALYZER_NONNULL = YES;
				CLANG_ANALYZER_NUMBER_OBJECT_CONVERSION = YES_AGGRESSIVE;
				CLANG_CXX_LANGUAGE_STANDARD = "gnu++14";
				CLANG_CXX_LIBRARY = "libc++";
				CLANG_ENABLE_MODULES = YES;
				CLANG_ENABLE_OBJC_ARC = YES;
				CLANG_ENABLE_OBJC_WEAK = YES;
				CLANG_WARN_BLOCK_CAPTURE_AUTORELEASING = YES;
				CLANG_WARN_BOOL_CONVERSION = YES;
				CLANG_WARN_COMMA = YES;
				CLANG_WARN_CONSTANT_CONVERSION = YES;
				CLANG_WARN_DEPRECATED_OBJC_IMPLEMENTATIONS = YES;
				CLANG_WARN_DIRECT_OBJC_ISA_USAGE = YES_ERROR;
				CLANG_WARN_DOCUMENTATION_COMMENTS = YES;
				CLANG_WARN_EMPTY_BODY = YES;
				CLANG_WARN_ENUM_CONVERSION = YES;
				CLANG_WARN_INFINITE_RECURSION = YES;
				CLANG_WARN_INT_CONVERSION = YES;
				CLANG_WARN_NON_LITERAL_NULL_CONVERSION = YES;
				CLANG_WARN_OBJC_IMPLICIT_RETAIN_SELF = YES;
				CLANG_WARN_OBJC_LITERAL_CONVERSION = YES;
				CLANG_WARN_OBJC_ROOT_CLASS = YES_ERROR;
				CLANG_WARN_RANGE_LOOP_ANALYSIS = YES;
				CLANG_WARN_STRICT_PROTOTYPES = YES;
				CLANG_WARN_SUSPICIOUS_MOVE = YES;
				CLANG_WARN_UNGUARDED_AVAILABILITY = YES_AGGRESSIVE;
				CLANG_WARN_UNREACHABLE_CODE = YES;
				CLANG_WARN__DUPLICATE_METHOD_MATCH = YES;
				COPY_PHASE_STRIP = NO;
				DEBUG_INFORMATION_FORMAT = dwarf;
				ENABLE_STRICT_OBJC_MSGSEND = YES;
				ENABLE_TESTABILITY = YES;
				GCC_C_LANGUAGE_STANDARD = gnu11;
				GCC_DYNAMIC_NO_PIC = NO;
				GCC_NO_COMMON_BLOCKS = YES;
				GCC_OPTIMIZATION_LEVEL = 0;
				GCC_PREPROCESSOR_DEFINITIONS = (
					"DEBUG=1",
					"$(inherited)",
				);
				GCC_WARN_64_TO_32_BIT_CONVERSION = YES;
				GCC_WARN_ABOUT_RETURN_TYPE = YES_ERROR;
				GCC_WARN_UNDECLARED_SELECTOR = YES;
				GCC_WARN_UNINITIALIZED_AUTOS = YES_AGGRESSIVE;
				GCC_WARN_UNUSED_FUNCTION = YES;
				GCC_WARN_UNUSED_VARIABLE = YES;
				HEADER_SEARCH_PATHS = /usr/local/include;
				LIBRARY_SEARCH_PATHS = /usr/local/lib;
				MACOSX_DEPLOYMENT_TARGET = 10.15;
				MTL_ENABLE_DEBUG_INFO = INCLUDE_SOURCE;
				MTL_FAST_MATH = YES;
				ONLY_ACTIVE_ARCH = YES;
				SDKROOT = macosx;
			};
			name = Debug;
		};
		6C1B04DE236E5CFF000B9765 /* Release */ = {
			isa = XCBuildConfiguration;
			buildSettings = {
				ALWAYS_SEARCH_USER_PATHS = NO;
				CLANG_ANALYZER_NONNULL = YES;
				CLANG_ANALYZER_NUMBER_OBJECT_CONVERSION = YES_AGGRESSIVE;
				CLANG_CXX_LANGUAGE_STANDARD = "gnu++14";
				CLANG_CXX_LIBRARY = "libc++";
				CLANG_ENABLE_MODULES = YES;
				CLANG_ENABLE_OBJC_ARC = YES;
				CLANG_ENABLE_OBJC_WEAK = YES;
				CLANG_WARN_BLOCK_CAPTURE_AUTORELEASING = YES;
				CLANG_WARN_BOOL_CONVERSION = YES;
				CLANG_WARN_COMMA = YES;
				CLANG_WARN_CONSTANT_CONVERSION = YES;
				CLANG_WARN_DEPRECATED_OBJC_IMPLEMENTATIONS = YES;
				CLANG_WARN_DIRECT_OBJC_ISA_USAGE = YES_ERROR;
				CLANG_WARN_DOCUMENTATION_COMMENTS = YES;
				CLANG_WARN_EMPTY_BODY = YES;
				CLANG_WARN_ENUM_CONVERSION = YES;
				CLANG_WARN_INFINITE_RECURSION = YES;
				CLANG_WARN_INT_CONVERSION = YES;
				CLANG_WARN_NON_LITERAL_NULL_CONVERSION = YES;
				CLANG_WARN_OBJC_IMPLICIT_RETAIN_SELF = YES;
				CLANG_WARN_OBJC_LITERAL_CONVERSION = YES;
				CLANG_WARN_OBJC_ROOT_CLASS = YES_ERROR;
				CLANG_WARN_RANGE_LOOP_ANALYSIS = YES;
				CLANG_WARN_STRICT_PROTOTYPES = YES;
				CLANG_WARN_SUSPICIOUS_MOVE = YES;
				CLANG_WARN_UNGUARDED_AVAILABILITY = YES_AGGRESSIVE;
				CLANG_WARN_UNREACHABLE_CODE = YES;
				CLANG_WARN__DUPLICATE_METHOD_MATCH = YES;
				COPY_PHASE_STRIP = NO;
				DEBUG_INFORMATION_FORMAT = "dwarf-with-dsym";
				ENABLE_NS_ASSERTIONS = NO;
				ENABLE_STRICT_OBJC_MSGSEND = YES;
				GCC_C_LANGUAGE_STANDARD = gnu11;
				GCC_NO_COMMON_BLOCKS = YES;
				GCC_WARN_64_TO_32_BIT_CONVERSION = YES;
				GCC_WARN_ABOUT_RETURN_TYPE = YES_ERROR;
				GCC_WARN_UNDECLARED_SELECTOR = YES;
				GCC_WARN_UNINITIALIZED_AUTOS = YES_AGGRESSIVE;
				GCC_WARN_UNUSED_FUNCTION = YES;
				GCC_WARN_UNUSED_VARIABLE = YES;
				HEADER_SEARCH_PATHS = /usr/local/include;
				LIBRARY_SEARCH_PATHS = /usr/local/lib;
				MACOSX_DEPLOYMENT_TARGET = 10.15;
				MTL_ENABLE_DEBUG_INFO = NO;
				MTL_FAST_MATH = YES;
				SDKROOT = macosx;
			};
			name = Release;
		};
		6C1B04E0236E5CFF000B9765 /* Debug */ = {
			isa = XCBuildConfiguration;
			buildSettings = {
				CODE_SIGN_STYLE = Automatic;
				DEVELOPMENT_TEAM = WFR8MK5Z4C;
				ENABLE_HARDENED_RUNTIME = YES;
				PRODUCT_NAME = "$(TARGET_NAME)";
			};
			name = Debug;
		};
		6C1B04E1236E5CFF000B9765 /* Release */ = {
			isa = XCBuildConfiguration;
			buildSettings = {
				CODE_SIGN_STYLE = Automatic;
				DEVELOPMENT_TEAM = WFR8MK5Z4C;
				ENABLE_HARDENED_RUNTIME = YES;
				PRODUCT_NAME = "$(TARGET_NAME)";
			};
			name = Release;
		};
/* End XCBuildConfiguration section */

/* Begin XCConfigurationList section */
		6C1B04D3236E5CFE000B9765 /* Build configuration list for PBXProject "POSIX" */ = {
			isa = XCConfigurationList;
			buildConfigurations = (
				6C1B04DD236E5CFF000B9765 /* Debug */,
				6C1B04DE236E5CFF000B9765 /* Release */,
			);
			defaultConfigurationIsVisible = 0;
			defaultConfigurationName = Release;
		};
		6C1B04DF236E5CFF000B9765 /* Build configuration list for PBXNativeTarget "POSIX" */ = {
			isa = XCConfigurationList;
			buildConfigurations = (
				6C1B04E0236E5CFF000B9765 /* Debug */,
				6C1B04E1236E5CFF000B9765 /* Release */,
			);
			defaultConfigurationIsVisible = 0;
			defaultConfigurationName = Release;
		};
/* End XCConfigurationList section */
	};
	rootObject = 6C1B04D0236E5CFE000B9765 /* Project object */;
}
